
Microsoft Visual Studio Solution File, Format Version 12.00
# Visual Studio Version 16
VisualStudioVersion = 16.0.31105.61
MinimumVisualStudioVersion = 10.0.40219.1
Project("{FAE04EC0-301F-11D3-BF4B-00C04F79EFBC}") = "VicRoads", "TestFrameWork\VicRoads.csproj", "{534A3188-F691-4DC5-A504-50440C325872}"
EndProject
Global
	GlobalSection(SolutionConfigurationPlatforms) = preSolution
		Debug|Any CPU = Debug|Any CPU
		Release|Any CPU = Release|Any CPU
	EndGlobalSection
	GlobalSection(ProjectConfigurationPlatforms) = postSolution
		{534A3188-F691-4DC5-A504-50440C325872}.Debug|Any CPU.ActiveCfg = Debug|Any CPU
		{534A3188-F691-4DC5-A504-50440C325872}.Debug|Any CPU.Build.0 = Debug|Any CPU
		{534A3188-F691-4DC5-A504-50440C325872}.Release|Any CPU.ActiveCfg = Release|Any CPU
		{534A3188-F691-4DC5-A504-50440C325872}.Release|Any CPU.Build.0 = Release|Any CPU
	EndGlobalSection
	GlobalSection(SolutionProperties) = preSolution
		HideSolutionNode = FALSE
	EndGlobalSection
	GlobalSection(ExtensibilityGlobals) = postSolution
		SolutionGuid = {8791094A-89A3-43CB-9047-89BED3792409}
	EndGlobalSection
EndGlobal
